
Microsoft Visual Studio Solution File, Format Version 12.00
# Visual Studio 15
VisualStudioVersion = 15.0.28010.2046
MinimumVisualStudioVersion = 10.0.40219.1
Project("{D954291E-2A0B-460D-934E-DC6B0785DB48}") = "Code.Core", "Code.Core\Code.Core.shproj", "{915932FE-A6F2-4DEB-A8CD-C8D7F870BED4}"
EndProject
Project("{FAE04EC0-301F-11D3-BF4B-00C04F79EFBC}") = "Core", "Core\Core.csproj", "{DA43CFD7-6432-48D0-9A63-4E365DC6CFC7}"
EndProject
Global
	GlobalSection(SharedMSBuildProjectFiles) = preSolution
		Code.Core\Code.Core.projitems*{915932fe-a6f2-4deb-a8cd-c8d7f870bed4}*SharedItemsImports = 13
	EndGlobalSection
	GlobalSection(SolutionConfigurationPlatforms) = preSolution
		Debug|Any CPU = Debug|Any CPU
		Release|Any CPU = Release|Any CPU
	EndGlobalSection
	GlobalSection(ProjectConfigurationPlatforms) = postSolution
		{DA43CFD7-6432-48D0-9A63-4E365DC6CFC7}.Debug|Any CPU.ActiveCfg = Debug|Any CPU
		{DA43CFD7-6432-48D0-9A63-4E365DC6CFC7}.Debug|Any CPU.Build.0 = Debug|Any CPU
		{DA43CFD7-6432-48D0-9A63-4E365DC6CFC7}.Release|Any CPU.ActiveCfg = Release|Any CPU
		{DA43CFD7-6432-48D0-9A63-4E365DC6CFC7}.Release|Any CPU.Build.0 = Release|Any CPU
	EndGlobalSection
	GlobalSection(SolutionProperties) = preSolution
		HideSolutionNode = FALSE
	EndGlobalSection
	GlobalSection(ExtensibilityGlobals) = postSolution
		SolutionGuid = {C76BA7BE-87BF-468C-A864-8E0084DC8B25}
	EndGlobalSection
EndGlobal
